PODS:
  - audioplayers (0.0.1):
    - Flutter
  - Flutter (1.0.0)
  - path_provider (0.0.1):
    - Flutter
  - path_provider_linux (0.0.1):
    - Flutter
  - path_provider_macos (0.0.1):
    - Flutter

DEPENDENCIES:
  - audioplayers (from `/Users/bingma/StudioProjects/audioplayers/ios`)
  - Flutter (from `/Users/bingma/flutter/flutter/bin/cache/artifacts/engine/ios`)
  - path_provider (from `/Users/bingma/flutter/flutter/.pub-cache/hosted/pub.flutter-io.cn/path_provider-1.6.11/ios`)
  - "path_provider_linux (from `/Users/bingma/flutter/flutter/.pub-cache/hosted/pub.flutter-io.cn/path_provider_linux-0.0.1+2/ios`)"
  - "path_provider_macos (from `/Users/bingma/flutter/flutter/.pub-cache/hosted/pub.flutter-io.cn/path_provider_macos-0.0.4+3/ios`)"

EXTERNAL SOURCES:
  audioplayers:
    :path: "/Users/bingma/StudioProjects/audioplayers/ios"
  Flutter:
    :path: "/Users/bingma/flutter/flutter/bin/cache/artifacts/engine/ios"
  path_provider:
    :path: "/Users/bingma/flutter/flutter/.pub-cache/hosted/pub.flutter-io.cn/path_provider-1.6.11/ios"
  path_provider_linux:
    :path: "/Users/bingma/flutter/flutter/.pub-cache/hosted/pub.flutter-io.cn/path_provider_linux-0.0.1+2/ios"
  path_provider_macos:
    :path: "/Users/bingma/flutter/flutter/.pub-cache/hosted/pub.flutter-io.cn/path_provider_macos-0.0.4+3/ios"

SPEC CHECKSUMS:
  audioplayers: 84f968cea3f2deab00ec4f8ff53358b3c0b3992c
  Flutter: 0e3d915762c693b495b44d77113d4970485de6ec
  path_provider: abfe2b5c733d04e238b0d8691db0cfd63a27a93c
  path_provider_linux: 4d630dc393e1f20364f3e3b4a2ff41d9674a84e4
  path_provider_macos: f760a3c5b04357c380e2fddb6f9db6f3015897e0

PODFILE CHECKSUM: 1003743f06ec24ad436e3271b83a8ca2bee2fed4

COCOAPODS: 1.9.1
